
Microsoft Visual Studio Solution File, Format Version 12.00
# Visual Studio Version 17
VisualStudioVersion = 17.2.32616.157
MinimumVisualStudioVersion = 10.0.40219.1
Project("{9A19103F-16F7-4668-BE54-9A1E7A4F7556}") = "work1", "work1\work1.csproj", "{108142C5-B7BA-408E-808F-5C2DFFA962B0}"
EndProject
Project("{9A19103F-16F7-4668-BE54-9A1E7A4F7556}") = "work2", "work2\work2.csproj", "{891F78F5-4504-44DF-B709-50BAD5BE0C0F}"
EndProject
Project("{FAE04EC0-301F-11D3-BF4B-00C04F79EFBC}") = "work3", "work3\work3.csproj", "{B390F66D-AB85-4B57-ABB3-3D523C41A900}"
EndProject
Global
	GlobalSection(SolutionConfigurationPlatforms) = preSolution
		Debug|Any CPU = Debug|Any CPU
		Release|Any CPU = Release|Any CPU
	EndGlobalSection
	GlobalSection(ProjectConfigurationPlatforms) = postSolution
		{108142C5-B7BA-408E-808F-5C2DFFA962B0}.Debug|Any CPU.ActiveCfg = Debug|Any CPU
		{108142C5-B7BA-408E-808F-5C2DFFA962B0}.Debug|Any CPU.Build.0 = Debug|Any CPU
		{108142C5-B7BA-408E-808F-5C2DFFA962B0}.Release|Any CPU.ActiveCfg = Release|Any CPU
		{108142C5-B7BA-408E-808F-5C2DFFA962B0}.Release|Any CPU.Build.0 = Release|Any CPU
		{891F78F5-4504-44DF-B709-50BAD5BE0C0F}.Debug|Any CPU.ActiveCfg = Debug|Any CPU
		{891F78F5-4504-44DF-B709-50BAD5BE0C0F}.Debug|Any CPU.Build.0 = Debug|Any CPU
		{891F78F5-4504-44DF-B709-50BAD5BE0C0F}.Release|Any CPU.ActiveCfg = Release|Any CPU
		{891F78F5-4504-44DF-B709-50BAD5BE0C0F}.Release|Any CPU.Build.0 = Release|Any CPU
		{B390F66D-AB85-4B57-ABB3-3D523C41A900}.Debug|Any CPU.ActiveCfg = Debug|Any CPU
		{B390F66D-AB85-4B57-ABB3-3D523C41A900}.Debug|Any CPU.Build.0 = Debug|Any CPU
		{B390F66D-AB85-4B57-ABB3-3D523C41A900}.Release|Any CPU.ActiveCfg = Release|Any CPU
		{B390F66D-AB85-4B57-ABB3-3D523C41A900}.Release|Any CPU.Build.0 = Release|Any CPU
	EndGlobalSection
	GlobalSection(SolutionProperties) = preSolution
		HideSolutionNode = FALSE
	EndGlobalSection
	GlobalSection(ExtensibilityGlobals) = postSolution
		SolutionGuid = {CF742AFB-7671-4D83-9397-BCAD4CB8F8CE}
	EndGlobalSection
EndGlobal
